
Microsoft Visual Studio Solution File, Format Version 12.00
# Visual Studio Version 17
VisualStudioVersion = 17.5.002.0
MinimumVisualStudioVersion = 10.0.40219.1
Project("{9A19103F-16F7-4668-BE54-9A1E7A4F7556}") = "dotnetproject", "dotnetproject.csproj", "{6991C8A7-F649-4B1F-848D-CB62C64F7C8F}"
EndProject
Global
	GlobalSection(SolutionConfigurationPlatforms) = preSolution
		Debug|Any CPU = Debug|Any CPU
		Release|Any CPU = Release|Any CPU
	EndGlobalSection
	GlobalSection(ProjectConfigurationPlatforms) = postSolution
		{6991C8A7-F649-4B1F-848D-CB62C64F7C8F}.Debug|Any CPU.ActiveCfg = Debug|Any CPU
		{6991C8A7-F649-4B1F-848D-CB62C64F7C8F}.Debug|Any CPU.Build.0 = Debug|Any CPU
		{6991C8A7-F649-4B1F-848D-CB62C64F7C8F}.Release|Any CPU.ActiveCfg = Release|Any CPU
		{6991C8A7-F649-4B1F-848D-CB62C64F7C8F}.Release|Any CPU.Build.0 = Release|Any CPU
	EndGlobalSection
	GlobalSection(SolutionProperties) = preSolution
		HideSolutionNode = FALSE
	EndGlobalSection
	GlobalSection(ExtensibilityGlobals) = postSolution
		SolutionGuid = {B5E6A38C-141C-4EF9-AB9C-DC0CEB4D4919}
	EndGlobalSection
EndGlobal
